
Microsoft Visual Studio Solution File, Format Version 12.00
# Visual Studio Version 17
VisualStudioVersion = 17.0.31912.275
MinimumVisualStudioVersion = 10.0.40219.1
Project("{9A19103F-16F7-4668-BE54-9A1E7A4F7556}") = "MO.Server", "MO\Server\MO.Server.csproj", "{39516030-2FDD-4556-997F-8B94618905F3}"
EndProject
Project("{9A19103F-16F7-4668-BE54-9A1E7A4F7556}") = "MO.Client", "MO\Client\MO.Client.csproj", "{7C2716AE-A61C-469D-81DD-C849725F26D3}"
EndProject
Project("{9A19103F-16F7-4668-BE54-9A1E7A4F7556}") = "MO.LiveChat", "MO.LiveChat\MO.LiveChat.csproj", "{9EE49022-ED4B-4A0D-B811-8290A7117930}"
EndProject
Project("{9A19103F-16F7-4668-BE54-9A1E7A4F7556}") = "MO.Auth", "MO.Users\MO.Auth.csproj", "{A970FE33-306A-47BF-8B3A-98A0B7CEC0BC}"
EndProject
Global
	GlobalSection(SolutionConfigurationPlatforms) = preSolution
		Debug|Any CPU = Debug|Any CPU
		Release|Any CPU = Release|Any CPU
	EndGlobalSection
	GlobalSection(ProjectConfigurationPlatforms) = postSolution
		{39516030-2FDD-4556-997F-8B94618905F3}.Debug|Any CPU.ActiveCfg = Debug|Any CPU
		{39516030-2FDD-4556-997F-8B94618905F3}.Debug|Any CPU.Build.0 = Debug|Any CPU
		{39516030-2FDD-4556-997F-8B94618905F3}.Release|Any CPU.ActiveCfg = Release|Any CPU
		{39516030-2FDD-4556-997F-8B94618905F3}.Release|Any CPU.Build.0 = Release|Any CPU
		{7C2716AE-A61C-469D-81DD-C849725F26D3}.Debug|Any CPU.ActiveCfg = Debug|Any CPU
		{7C2716AE-A61C-469D-81DD-C849725F26D3}.Debug|Any CPU.Build.0 = Debug|Any CPU
		{7C2716AE-A61C-469D-81DD-C849725F26D3}.Release|Any CPU.ActiveCfg = Release|Any CPU
		{7C2716AE-A61C-469D-81DD-C849725F26D3}.Release|Any CPU.Build.0 = Release|Any CPU
		{9EE49022-ED4B-4A0D-B811-8290A7117930}.Debug|Any CPU.ActiveCfg = Debug|Any CPU
		{9EE49022-ED4B-4A0D-B811-8290A7117930}.Debug|Any CPU.Build.0 = Debug|Any CPU
		{9EE49022-ED4B-4A0D-B811-8290A7117930}.Release|Any CPU.ActiveCfg = Release|Any CPU
		{9EE49022-ED4B-4A0D-B811-8290A7117930}.Release|Any CPU.Build.0 = Release|Any CPU
		{A970FE33-306A-47BF-8B3A-98A0B7CEC0BC}.Debug|Any CPU.ActiveCfg = Debug|Any CPU
		{A970FE33-306A-47BF-8B3A-98A0B7CEC0BC}.Debug|Any CPU.Build.0 = Debug|Any CPU
		{A970FE33-306A-47BF-8B3A-98A0B7CEC0BC}.Release|Any CPU.ActiveCfg = Release|Any CPU
		{A970FE33-306A-47BF-8B3A-98A0B7CEC0BC}.Release|Any CPU.Build.0 = Release|Any CPU
	EndGlobalSection
	GlobalSection(SolutionProperties) = preSolution
		HideSolutionNode = FALSE
	EndGlobalSection
	GlobalSection(ExtensibilityGlobals) = postSolution
		SolutionGuid = {5A17C295-2D1B-4F58-93A8-C5B68AF2E1EF}
	EndGlobalSection
EndGlobal
