
Microsoft Visual Studio Solution File, Format Version 12.00
# Visual Studio Version 17
VisualStudioVersion = 17.0.31912.275
MinimumVisualStudioVersion = 10.0.40219.1
Project("{9A19103F-16F7-4668-BE54-9A1E7A4F7556}") = "MO.Server", "MO\Server\MO.Server.csproj", "{39516030-2FDD-4556-997F-8B94618905F3}"
EndProject
Project("{9A19103F-16F7-4668-BE54-9A1E7A4F7556}") = "MO.Client", "MO\Client\MO.Client.csproj", "{7C2716AE-A61C-469D-81DD-C849725F26D3}"
EndProject
Project("{9A19103F-16F7-4668-BE54-9A1E7A4F7556}") = "MO.LiveChat", "MO.LiveChat\MO.LiveChat.csproj", "{9EE49022-ED4B-4A0D-B811-8290A7117930}"
EndProject
Project("{9A19103F-16F7-4668-BE54-9A1E7A4F7556}") = "MO.Auth", "MO.Users\MO.Auth.csproj", "{A970FE33-306A-47BF-8B3A-98A0B7CEC0BC}"
EndProject
Project("{2150E333-8FDC-42A3-9474-1A3956D46DE8}") = "Integration", "Integration", "{789CB8F3-0975-44B0-83F4-7A7908E3810B}"
EndProject
Project("{9A19103F-16F7-4668-BE54-9A1E7A4F7556}") = "MO.Integration.MessagingBus", "MO.Integration.MessagingBus\MO.Integration.MessagingBus.csproj", "{D3AF6D50-C5EF-45DF-A890-1E80AA3239A2}"
EndProject
Project("{FAE04EC0-301F-11D3-BF4B-00C04F79EFBC}") = "MO.Integration.Messages", "MO.Integration.Messages\MO.Integration.Messages.csproj", "{149FB4F4-56A2-424A-98CC-55B81CFA122E}"
EndProject
Global
	GlobalSection(SolutionConfigurationPlatforms) = preSolution
		Debug|Any CPU = Debug|Any CPU
		Release|Any CPU = Release|Any CPU
	EndGlobalSection
	GlobalSection(ProjectConfigurationPlatforms) = postSolution
		{39516030-2FDD-4556-997F-8B94618905F3}.Debug|Any CPU.ActiveCfg = Debug|Any CPU
		{39516030-2FDD-4556-997F-8B94618905F3}.Debug|Any CPU.Build.0 = Debug|Any CPU
		{39516030-2FDD-4556-997F-8B94618905F3}.Release|Any CPU.ActiveCfg = Release|Any CPU
		{39516030-2FDD-4556-997F-8B94618905F3}.Release|Any CPU.Build.0 = Release|Any CPU
		{7C2716AE-A61C-469D-81DD-C849725F26D3}.Debug|Any CPU.ActiveCfg = Debug|Any CPU
		{7C2716AE-A61C-469D-81DD-C849725F26D3}.Debug|Any CPU.Build.0 = Debug|Any CPU
		{7C2716AE-A61C-469D-81DD-C849725F26D3}.Release|Any CPU.ActiveCfg = Release|Any CPU
		{7C2716AE-A61C-469D-81DD-C849725F26D3}.Release|Any CPU.Build.0 = Release|Any CPU
		{9EE49022-ED4B-4A0D-B811-8290A7117930}.Debug|Any CPU.ActiveCfg = Debug|Any CPU
		{9EE49022-ED4B-4A0D-B811-8290A7117930}.Debug|Any CPU.Build.0 = Debug|Any CPU
		{9EE49022-ED4B-4A0D-B811-8290A7117930}.Release|Any CPU.ActiveCfg = Release|Any CPU
		{9EE49022-ED4B-4A0D-B811-8290A7117930}.Release|Any CPU.Build.0 = Release|Any CPU
		{A970FE33-306A-47BF-8B3A-98A0B7CEC0BC}.Debug|Any CPU.ActiveCfg = Debug|Any CPU
		{A970FE33-306A-47BF-8B3A-98A0B7CEC0BC}.Debug|Any CPU.Build.0 = Debug|Any CPU
		{A970FE33-306A-47BF-8B3A-98A0B7CEC0BC}.Release|Any CPU.ActiveCfg = Release|Any CPU
		{A970FE33-306A-47BF-8B3A-98A0B7CEC0BC}.Release|Any CPU.Build.0 = Release|Any CPU
		{D3AF6D50-C5EF-45DF-A890-1E80AA3239A2}.Debug|Any CPU.ActiveCfg = Debug|Any CPU
		{D3AF6D50-C5EF-45DF-A890-1E80AA3239A2}.Debug|Any CPU.Build.0 = Debug|Any CPU
		{D3AF6D50-C5EF-45DF-A890-1E80AA3239A2}.Release|Any CPU.ActiveCfg = Release|Any CPU
		{D3AF6D50-C5EF-45DF-A890-1E80AA3239A2}.Release|Any CPU.Build.0 = Release|Any CPU
		{149FB4F4-56A2-424A-98CC-55B81CFA122E}.Debug|Any CPU.ActiveCfg = Debug|Any CPU
		{149FB4F4-56A2-424A-98CC-55B81CFA122E}.Debug|Any CPU.Build.0 = Debug|Any CPU
		{149FB4F4-56A2-424A-98CC-55B81CFA122E}.Release|Any CPU.ActiveCfg = Release|Any CPU
		{149FB4F4-56A2-424A-98CC-55B81CFA122E}.Release|Any CPU.Build.0 = Release|Any CPU
	EndGlobalSection
	GlobalSection(SolutionProperties) = preSolution
		HideSolutionNode = FALSE
	EndGlobalSection
	GlobalSection(NestedProjects) = preSolution
		{D3AF6D50-C5EF-45DF-A890-1E80AA3239A2} = {789CB8F3-0975-44B0-83F4-7A7908E3810B}
		{149FB4F4-56A2-424A-98CC-55B81CFA122E} = {789CB8F3-0975-44B0-83F4-7A7908E3810B}
	EndGlobalSection
	GlobalSection(ExtensibilityGlobals) = postSolution
		SolutionGuid = {5A17C295-2D1B-4F58-93A8-C5B68AF2E1EF}
	EndGlobalSection
EndGlobal
